
Microsoft Visual Studio Solution File, Format Version 12.00
# Visual Studio Version 16
VisualStudioVersion = 16.0.31613.86
MinimumVisualStudioVersion = 10.0.40219.1
Project("{FAE04EC0-301F-11D3-BF4B-00C04F79EFBC}") = "GolangAssistant", "GolangAssistant\GolangAssistant.csproj", "{3DB6435F-5869-4BCE-BA7B-D122F6541FB0}"
EndProject
Global
	GlobalSection(SolutionConfigurationPlatforms) = preSolution
		Debug|Any CPU = Debug|Any CPU
		Release|Any CPU = Release|Any CPU
	EndGlobalSection
	GlobalSection(ProjectConfigurationPlatforms) = postSolution
		{3DB6435F-5869-4BCE-BA7B-D122F6541FB0}.Debug|Any CPU.ActiveCfg = Debug|Any CPU
		{3DB6435F-5869-4BCE-BA7B-D122F6541FB0}.Debug|Any CPU.Build.0 = Debug|Any CPU
		{3DB6435F-5869-4BCE-BA7B-D122F6541FB0}.Release|Any CPU.ActiveCfg = Release|Any CPU
		{3DB6435F-5869-4BCE-BA7B-D122F6541FB0}.Release|Any CPU.Build.0 = Release|Any CPU
	EndGlobalSection
	GlobalSection(SolutionProperties) = preSolution
		HideSolutionNode = FALSE
	EndGlobalSection
	GlobalSection(ExtensibilityGlobals) = postSolution
		SolutionGuid = {4904B697-B3FB-455F-89E0-A16862136BC5}
	EndGlobalSection
EndGlobal
